
Microsoft Visual Studio Solution File, Format Version 12.00
# Visual Studio 15
VisualStudioVersion = 15.0.27004.2009
MinimumVisualStudioVersion = 10.0.40219.1
Project("{FAE04EC0-301F-11D3-BF4B-00C04F79EFBC}") = "DetailerCalculator", "DetailerCalculator\DetailerCalculator.csproj", "{09AA89A5-3A25-4729-AA7C-A93172CCF76D}"
EndProject
Project("{9A19103F-16F7-4668-BE54-9A1E7A4F7556}") = "DetailerCalculator_UnitTests", "Math_UnitTests\DetailerCalculator_UnitTests.csproj", "{5D51C033-BF9C-4655-BEEB-940572B4BE6F}"
EndProject
Global
	GlobalSection(SolutionConfigurationPlatforms) = preSolution
		Debug|Any CPU = Debug|Any CPU
		Release|Any CPU = Release|Any CPU
	EndGlobalSection
	GlobalSection(ProjectConfigurationPlatforms) = postSolution
		{09AA89A5-3A25-4729-AA7C-A93172CCF76D}.Debug|Any CPU.ActiveCfg = Debug|Any CPU
		{09AA89A5-3A25-4729-AA7C-A93172CCF76D}.Debug|Any CPU.Build.0 = Debug|Any CPU
		{09AA89A5-3A25-4729-AA7C-A93172CCF76D}.Release|Any CPU.ActiveCfg = Release|Any CPU
		{09AA89A5-3A25-4729-AA7C-A93172CCF76D}.Release|Any CPU.Build.0 = Release|Any CPU
		{5D51C033-BF9C-4655-BEEB-940572B4BE6F}.Debug|Any CPU.ActiveCfg = Debug|Any CPU
		{5D51C033-BF9C-4655-BEEB-940572B4BE6F}.Debug|Any CPU.Build.0 = Debug|Any CPU
		{5D51C033-BF9C-4655-BEEB-940572B4BE6F}.Release|Any CPU.ActiveCfg = Release|Any CPU
		{5D51C033-BF9C-4655-BEEB-940572B4BE6F}.Release|Any CPU.Build.0 = Release|Any CPU
	EndGlobalSection
	GlobalSection(SolutionProperties) = preSolution
		HideSolutionNode = FALSE
	EndGlobalSection
	GlobalSection(ExtensibilityGlobals) = postSolution
		SolutionGuid = {C1512921-705B-41DA-9EC7-F1416AE47D26}
	EndGlobalSection
EndGlobal
